
Microsoft Visual Studio Solution File, Format Version 12.00
# Visual Studio 15
VisualStudioVersion = 15.0.27130.2027
MinimumVisualStudioVersion = 10.0.40219.1
Project("{FAE04EC0-301F-11D3-BF4B-00C04F79EFBC}") = "Celeste.Mod.mm", "Celeste.Mod.mm\Celeste.Mod.mm.csproj", "{D5D0239D-FF95-4897-9484-1898AB7E82F5}"
EndProject
Project("{FAE04EC0-301F-11D3-BF4B-00C04F79EFBC}") = "Multiplayer", "Multiplayer\Multiplayer.csproj", "{3A241E87-60E1-4E1B-BFEE-54EB2F40A54C}"
EndProject
Global
	GlobalSection(SolutionConfigurationPlatforms) = preSolution
		Debug|Any CPU = Debug|Any CPU
		Release|Any CPU = Release|Any CPU
	EndGlobalSection
	GlobalSection(ProjectConfigurationPlatforms) = postSolution
		{D5D0239D-FF95-4897-9484-1898AB7E82F5}.Debug|Any CPU.ActiveCfg = Debug|Any CPU
		{D5D0239D-FF95-4897-9484-1898AB7E82F5}.Debug|Any CPU.Build.0 = Debug|Any CPU
		{D5D0239D-FF95-4897-9484-1898AB7E82F5}.Release|Any CPU.ActiveCfg = Release|Any CPU
		{D5D0239D-FF95-4897-9484-1898AB7E82F5}.Release|Any CPU.Build.0 = Release|Any CPU
		{3A241E87-60E1-4E1B-BFEE-54EB2F40A54C}.Debug|Any CPU.ActiveCfg = Debug|Any CPU
		{3A241E87-60E1-4E1B-BFEE-54EB2F40A54C}.Debug|Any CPU.Build.0 = Debug|Any CPU
		{3A241E87-60E1-4E1B-BFEE-54EB2F40A54C}.Release|Any CPU.ActiveCfg = Release|Any CPU
		{3A241E87-60E1-4E1B-BFEE-54EB2F40A54C}.Release|Any CPU.Build.0 = Release|Any CPU
	EndGlobalSection
	GlobalSection(SolutionProperties) = preSolution
		HideSolutionNode = FALSE
	EndGlobalSection
	GlobalSection(ExtensibilityGlobals) = postSolution
		SolutionGuid = {E2742867-F8C0-4301-A81C-37FEF5A509AC}
	EndGlobalSection
EndGlobal
